<?xml version="1.0" encoding="utf-8"?>
<Project ToolsVersion="4.0" xmlns="http://schemas.microsoft.com/developer/msbuild/2003">
  <ItemGroup>
    <ClCompile Include="Core\Core.cpp" />
    <ClCompile Include="Core\CoreGL.cpp" />
    <ClCompile Include="Core\CoreWin32.cpp" />
    <ClCompile Include="Core\GLBind.cpp" />
    <ClCompile Include="Core\GlWindow.cpp" />
    <ClCompile Include="Core\Math3D.cpp" />
    <ClCompile Include="Core\Memory.cpp" />
    <ClCompile Include="Core\TextContainer.cpp" />
    <ClCompile Include="Exporters\Export3D.cpp" />
    <ClCompile Include="Exporters\Exporters.cpp" />
    <ClCompile Include="Exporters\ExportMaterial.cpp" />
    <ClCompile Include="Exporters\ExportMd5.cpp" />
    <ClCompile Include="Exporters\ExportPsk.cpp" />
    <ClCompile Include="Exporters\ExportSound.cpp" />
    <ClCompile Include="Exporters\ExportTexture.cpp" />
    <ClCompile Include="Exporters\ExportThirdParty.cpp" />
    <ClCompile Include="MeshInstance\MeshInstance.cpp" />
    <ClCompile Include="MeshInstance\SkelMeshInstance.cpp" />
    <ClCompile Include="MeshInstance\StatMeshInstance.cpp" />
    <ClCompile Include="MeshInstance\VertMeshInstance.cpp" />
    <ClCompile Include="UI\BaseDialog.cpp" />
    <ClCompile Include="UI\FileControls.cpp" />
    <ClCompile Include="UmodelTool\Main.cpp" />
    <ClCompile Include="UmodelTool\MiscStrings.cpp" />
    <ClCompile Include="UmodelTool\PackageDialog.cpp" />
    <ClCompile Include="UmodelTool\PackageScanDialog.cpp" />
    <ClCompile Include="UmodelTool\ProgressDialog.cpp" />
    <ClCompile Include="UmodelTool\StartupDialog.cpp" />
    <ClCompile Include="UmodelTool\UmodelApp.cpp" />
    <ClCompile Include="Unreal\GameDatabase.cpp" />
    <ClCompile Include="Unreal\GameFileSystem.cpp" />
    <ClCompile Include="Unreal\GameFileSystemGears4.cpp" />
    <ClCompile Include="Unreal\MeshCommon.cpp" />
    <ClCompile Include="Unreal\PackageUtils.cpp" />
    <ClCompile Include="Unreal\SkeletalMesh.cpp" />
    <ClCompile Include="Unreal\UnAnim2.cpp" />
    <ClCompile Include="Unreal\UnAnim3.cpp" />
    <ClCompile Include="Unreal\UnAnim4.cpp" />
    <ClCompile Include="Unreal\UnCore.cpp" />
    <ClCompile Include="Unreal\UnCoreCompression.cpp" />
    <ClCompile Include="Unreal\UnCoreDecrypt.cpp" />
    <ClCompile Include="Unreal\UnCoreSerialize.cpp" />
    <ClCompile Include="Unreal\UnHavok.cpp" />
    <ClCompile Include="Unreal\UnMesh1.cpp" />
    <ClCompile Include="Unreal\UnMesh2.cpp" />
    <ClCompile Include="Unreal\UnMesh3.cpp" />
    <ClCompile Include="Unreal\UnMesh4.cpp" />
    <ClCompile Include="Unreal\UnMeshBatman.cpp" />
    <ClCompile Include="Unreal\UnMeshBioshock.cpp" />
    <ClCompile Include="Unreal\UnMeshRune.cpp" />
    <ClCompile Include="Unreal\UnObject.cpp" />
    <ClCompile Include="Unreal\UnPackage.cpp" />
    <ClCompile Include="Unreal\UnRenderer.cpp" />
    <ClCompile Include="Unreal\UnTexture.cpp" />
    <ClCompile Include="Unreal\UnTexture2.cpp" />
    <ClCompile Include="Unreal\UnTexture3.cpp" />
    <ClCompile Include="Unreal\UnTexture4.cpp" />
    <ClCompile Include="Unreal\UnTextureNVTT.cpp" />
    <ClCompile Include="Unreal\UnUbisoft.cpp" />
    <ClCompile Include="Viewers\MaterialViewer.cpp" />
    <ClCompile Include="Viewers\MeshViewer.cpp" />
    <ClCompile Include="Viewers\ObjectViewer.cpp" />
    <ClCompile Include="Viewers\SkelMeshViewer.cpp" />
    <ClCompile Include="Viewers\StatMeshViewer.cpp" />
    <ClCompile Include="Viewers\VertMeshViewer.cpp" />
  </ItemGroup>
  <ItemGroup>
    <ClInclude Include="Core\Core.h" />
    <ClInclude Include="Core\CoreGL.h" />
    <ClInclude Include="Core\GLBind.h" />
    <ClInclude Include="Core\GLBindImpl.h" />
    <ClInclude Include="Core\GlFont.h" />
    <ClInclude Include="Core\GlWindow.h" />
    <ClInclude Include="Core\Math3D.h" />
    <ClInclude Include="Core\MathSSE.h" />
    <ClInclude Include="Core\TextContainer.h" />
    <ClInclude Include="Core\Win32Types.h" />
    <ClInclude Include="Exporters\Exporters.h" />
    <ClInclude Include="Exporters\Psk.h" />
    <ClInclude Include="MeshInstance\MeshInstance.h" />
    <ClInclude Include="UI\stl-stub\Core.h" />
    <ClInclude Include="UI\stl-stub\UnCore.h" />
    <ClInclude Include="UI\BaseDialog.h" />
    <ClInclude Include="UI\FileControls.h" />
    <ClInclude Include="UmodelTool\res\resource.h" />
    <ClInclude Include="UmodelTool\AboutDialog.h" />
    <ClInclude Include="UmodelTool\Build.h" />
    <ClInclude Include="UmodelTool\ErrorDialog.h" />
    <ClInclude Include="UmodelTool\MiscStrings.h" />
    <ClInclude Include="UmodelTool\PackageDialog.h" />
    <ClInclude Include="UmodelTool\PackageScanDialog.h" />
    <ClInclude Include="UmodelTool\ProgressDialog.h" />
    <ClInclude Include="UmodelTool\StartupDialog.h" />
    <ClInclude Include="UmodelTool\UE4AesKeyDialog.h" />
    <ClInclude Include="UmodelTool\UE4VersionDialog.h" />
    <ClInclude Include="UmodelTool\UmodelApp.h" />
    <ClInclude Include="UmodelTool\UmodelSettings.h" />
    <ClInclude Include="UmodelTool\Version.h" />
    <ClInclude Include="Unreal\GameDatabase.h" />
    <ClInclude Include="Unreal\GameDefines.h" />
    <ClInclude Include="Unreal\GameFileSystem.h" />
    <ClInclude Include="Unreal\MeshCommon.h" />
    <ClInclude Include="Unreal\PackageUtils.h" />
    <ClInclude Include="Unreal\Shaders.h" />
    <ClInclude Include="Unreal\SkeletalMesh.h" />
    <ClInclude Include="Unreal\StaticMesh.h" />
    <ClInclude Include="Unreal\TypeConvert.h" />
    <ClInclude Include="Unreal\UnAnimNotify.h" />
    <ClInclude Include="Unreal\UnArchiveObb.h" />
    <ClInclude Include="Unreal\UnArchivePak.h" />
    <ClInclude Include="Unreal\UnCore.h" />
    <ClInclude Include="Unreal\UnHavok.h" />
    <ClInclude Include="Unreal\UnMaterial.h" />
    <ClInclude Include="Unreal\UnMaterial2.h" />
    <ClInclude Include="Unreal\UnMaterial3.h" />
    <ClInclude Include="Unreal\UnMathTools.h" />
    <ClInclude Include="Unreal\UnMesh.h" />
    <ClInclude Include="Unreal\UnMesh2.h" />
    <ClInclude Include="Unreal\UnMesh3.h" />
    <ClInclude Include="Unreal\UnMesh4.h" />
    <ClInclude Include="Unreal\UnMeshTypes.h" />
    <ClInclude Include="Unreal\UnObject.h" />
    <ClInclude Include="Unreal\UnPackage.h" />
    <ClInclude Include="Unreal\UnrealClasses.h" />
    <ClInclude Include="Unreal\UnSound.h" />
    <ClInclude Include="Unreal\UnTextureNVTT.h" />
    <ClInclude Include="Unreal\UnThirdParty.h" />
    <ClInclude Include="Unreal\UnTypeinfo.h" />
    <ClInclude Include="Unreal\UnUbisoft.h" />
    <ClInclude Include="Viewers\ObjectViewer.h" />
  </ItemGroup>
  <ItemGroup>
    <Manifest Include="UmodelTool\res\umodel.manifest" />
    <Manifest Include="UmodelTool\res\umodel64.manifest" />
  </ItemGroup>
  <ItemGroup>
    <ResourceCompile Include="UmodelTool\res\umodel.rc" />
  </ItemGroup>
</Project>